
Microsoft Visual Studio Solution File, Format Version 12.00
# Visual Studio Version 17
VisualStudioVersion = 17.1.32210.238
MinimumVisualStudioVersion = 10.0.40219.1
Project("{F184B08F-C81C-45F6-A57F-5ABD9991F28F}") = "Labtask1", "Labtask1.vbproj", "{2E1B7000-7DDA-43CF-8F15-8E78875E3143}"
EndProject
Global
	GlobalSection(SolutionConfigurationPlatforms) = preSolution
		Debug|Any CPU = Debug|Any CPU
		Release|Any CPU = Release|Any CPU
	EndGlobalSection
	GlobalSection(ProjectConfigurationPlatforms) = postSolution
		{2E1B7000-7DDA-43CF-8F15-8E78875E3143}.Debug|Any CPU.ActiveCfg = Debug|Any CPU
		{2E1B7000-7DDA-43CF-8F15-8E78875E3143}.Debug|Any CPU.Build.0 = Debug|Any CPU
		{2E1B7000-7DDA-43CF-8F15-8E78875E3143}.Release|Any CPU.ActiveCfg = Release|Any CPU
		{2E1B7000-7DDA-43CF-8F15-8E78875E3143}.Release|Any CPU.Build.0 = Release|Any CPU
	EndGlobalSection
	GlobalSection(SolutionProperties) = preSolution
		HideSolutionNode = FALSE
	EndGlobalSection
	GlobalSection(ExtensibilityGlobals) = postSolution
		SolutionGuid = {E9F6C641-DEE8-45FF-A08D-2E7F56D7E47C}
	EndGlobalSection
EndGlobal
